
Microsoft Visual Studio Solution File, Format Version 12.00
# Visual Studio Version 17
VisualStudioVersion = 17.9.34728.123
MinimumVisualStudioVersion = 10.0.40219.1
Project("{FAE04EC0-301F-11D3-BF4B-00C04F79EFBC}") = "net23_asp_net_labb3", "net23_asp_net_labb3\net23_asp_net_labb3.csproj", "{AD98A1DD-970B-49AB-B31C-5E2358CF4265}"
EndProject
Global
	GlobalSection(SolutionConfigurationPlatforms) = preSolution
		Debug|Any CPU = Debug|Any CPU
		Release|Any CPU = Release|Any CPU
	EndGlobalSection
	GlobalSection(ProjectConfigurationPlatforms) = postSolution
		{AD98A1DD-970B-49AB-B31C-5E2358CF4265}.Debug|Any CPU.ActiveCfg = Debug|Any CPU
		{AD98A1DD-970B-49AB-B31C-5E2358CF4265}.Debug|Any CPU.Build.0 = Debug|Any CPU
		{AD98A1DD-970B-49AB-B31C-5E2358CF4265}.Release|Any CPU.ActiveCfg = Release|Any CPU
		{AD98A1DD-970B-49AB-B31C-5E2358CF4265}.Release|Any CPU.Build.0 = Release|Any CPU
	EndGlobalSection
	GlobalSection(SolutionProperties) = preSolution
		HideSolutionNode = FALSE
	EndGlobalSection
	GlobalSection(ExtensibilityGlobals) = postSolution
		SolutionGuid = {B24D2433-3BBD-4500-83A1-844DE63F71C7}
	EndGlobalSection
EndGlobal
